
Microsoft Visual Studio Solution File, Format Version 12.00
# Visual Studio Version 16
VisualStudioVersion = 16.0.30114.105
MinimumVisualStudioVersion = 10.0.40219.1
Project("{FAE04EC0-301F-11D3-BF4B-00C04F79EFBC}") = "RomanToInteger", "RomanToInteger\RomanToInteger.csproj", "{4870323C-DDA2-480A-AFB9-38AF2C6AC63C}"
EndProject
Project("{FAE04EC0-301F-11D3-BF4B-00C04F79EFBC}") = "Palindrome", "Palindrome\Palindrome.csproj", "{0D834D75-060C-4556-9322-F9BB68C407C2}"
EndProject
Project("{FAE04EC0-301F-11D3-BF4B-00C04F79EFBC}") = "RansomNote", "RansomNote\RansomNote.csproj", "{C0F03B87-B0BF-4CD5-AC7C-5B6DF74F35AC}"
EndProject
Project("{FAE04EC0-301F-11D3-BF4B-00C04F79EFBC}") = "FizzBuzz", "FizzBuzz\FizzBuzz.csproj", "{70B12C92-DE18-4BAF-A26D-038546EFDBA6}"
EndProject
Project("{FAE04EC0-301F-11D3-BF4B-00C04F79EFBC}") = "TwoSum", "TwoSum\TwoSum.csproj", "{9EACC947-A86B-498F-A0AE-76626DF2FCFB}"
EndProject
Project("{FAE04EC0-301F-11D3-BF4B-00C04F79EFBC}") = "AddTwoNumbers", "AddTwoNumbers\AddTwoNumbers.csproj", "{3F6095E5-9009-48D3-B855-D2D57AF3113C}"
EndProject
Global
	GlobalSection(SolutionConfigurationPlatforms) = preSolution
		Debug|Any CPU = Debug|Any CPU
		Release|Any CPU = Release|Any CPU
	EndGlobalSection
	GlobalSection(SolutionProperties) = preSolution
		HideSolutionNode = FALSE
	EndGlobalSection
	GlobalSection(ProjectConfigurationPlatforms) = postSolution
		{4870323C-DDA2-480A-AFB9-38AF2C6AC63C}.Debug|Any CPU.ActiveCfg = Debug|Any CPU
		{4870323C-DDA2-480A-AFB9-38AF2C6AC63C}.Debug|Any CPU.Build.0 = Debug|Any CPU
		{4870323C-DDA2-480A-AFB9-38AF2C6AC63C}.Release|Any CPU.ActiveCfg = Release|Any CPU
		{4870323C-DDA2-480A-AFB9-38AF2C6AC63C}.Release|Any CPU.Build.0 = Release|Any CPU
		{0D834D75-060C-4556-9322-F9BB68C407C2}.Debug|Any CPU.ActiveCfg = Debug|Any CPU
		{0D834D75-060C-4556-9322-F9BB68C407C2}.Debug|Any CPU.Build.0 = Debug|Any CPU
		{0D834D75-060C-4556-9322-F9BB68C407C2}.Release|Any CPU.ActiveCfg = Release|Any CPU
		{0D834D75-060C-4556-9322-F9BB68C407C2}.Release|Any CPU.Build.0 = Release|Any CPU
		{C0F03B87-B0BF-4CD5-AC7C-5B6DF74F35AC}.Debug|Any CPU.ActiveCfg = Debug|Any CPU
		{C0F03B87-B0BF-4CD5-AC7C-5B6DF74F35AC}.Debug|Any CPU.Build.0 = Debug|Any CPU
		{C0F03B87-B0BF-4CD5-AC7C-5B6DF74F35AC}.Release|Any CPU.ActiveCfg = Release|Any CPU
		{C0F03B87-B0BF-4CD5-AC7C-5B6DF74F35AC}.Release|Any CPU.Build.0 = Release|Any CPU
		{70B12C92-DE18-4BAF-A26D-038546EFDBA6}.Debug|Any CPU.ActiveCfg = Debug|Any CPU
		{70B12C92-DE18-4BAF-A26D-038546EFDBA6}.Debug|Any CPU.Build.0 = Debug|Any CPU
		{70B12C92-DE18-4BAF-A26D-038546EFDBA6}.Release|Any CPU.ActiveCfg = Release|Any CPU
		{70B12C92-DE18-4BAF-A26D-038546EFDBA6}.Release|Any CPU.Build.0 = Release|Any CPU
		{9EACC947-A86B-498F-A0AE-76626DF2FCFB}.Debug|Any CPU.ActiveCfg = Debug|Any CPU
		{9EACC947-A86B-498F-A0AE-76626DF2FCFB}.Debug|Any CPU.Build.0 = Debug|Any CPU
		{9EACC947-A86B-498F-A0AE-76626DF2FCFB}.Release|Any CPU.ActiveCfg = Release|Any CPU
		{9EACC947-A86B-498F-A0AE-76626DF2FCFB}.Release|Any CPU.Build.0 = Release|Any CPU
		{3F6095E5-9009-48D3-B855-D2D57AF3113C}.Debug|Any CPU.ActiveCfg = Debug|Any CPU
		{3F6095E5-9009-48D3-B855-D2D57AF3113C}.Debug|Any CPU.Build.0 = Debug|Any CPU
		{3F6095E5-9009-48D3-B855-D2D57AF3113C}.Release|Any CPU.ActiveCfg = Release|Any CPU
		{3F6095E5-9009-48D3-B855-D2D57AF3113C}.Release|Any CPU.Build.0 = Release|Any CPU
	EndGlobalSection
EndGlobal
